{
  "nodes": {
    "nixpkgs": {
      "locked": {
        "lastModified": 1612555739,
        "narHash": "sha256-N8oO8NjCQ3JmEJHb+yWt3bwzIcQqDFi2zeOuwLIFPFw=",
        "owner": "NixOS",
        "repo": "nixpkgs",
        "rev": "6c30adbcb377ae2ffef46628a5c9f0bc57c9f5ab",
        "type": "github"
      },
      "original": {
        "id": "nixpkgs",
        "type": "indirect"
      }
    },
    "root": {
      "inputs": {
        "nixpkgs": "nixpkgs"
      }
    }
  },
  "root": "root",
  "version": 7
}
